// !$*UTF8*$!
{
	archiveVersion = 1;
	classes = {
	};
	objectVersion = 50;
	objects = {

/* Begin PBXBuildFile section */
		115EDE8E2646E1AA00490415 /* SeatCollectionViewCell.swift in Sources */ = {isa = PBXBuildFile; fileRef = 115EDE8D2646E1AA00490415 /* SeatCollectionViewCell.swift */; };
		115EDE902646F73A00490415 /* City.swift in Sources */ = {isa = PBXBuildFile; fileRef = 115EDE8F2646F73A00490415 /* City.swift */; };
		11B6431A2642926600C38E6B /* AppDelegate.swift in Sources */ = {isa = PBXBuildFile; fileRef = 11B643192642926600C38E6B /* AppDelegate.swift */; };
		11B6431C2642926600C38E6B /* SceneDelegate.swift in Sources */ = {isa = PBXBuildFile; fileRef = 11B6431B2642926600C38E6B /* SceneDelegate.swift */; };
		11B6431E2642926600C38E6B /* ViewController.swift in Sources */ = {isa = PBXBuildFile; fileRef = 11B6431D2642926600C38E6B /* ViewController.swift */; };
		11B643212642926600C38E6B /* Main.storyboard in Resources */ = {isa = PBXBuildFile; fileRef = 11B6431F2642926600C38E6B /* Main.storyboard */; };
		11B643232642926900C38E6B /* Assets.xcassets in Resources */ = {isa = PBXBuildFile; fileRef = 11B643222642926900C38E6B /* Assets.xcassets */; };
		11B643262642926900C38E6B /* LaunchScreen.storyboard in Resources */ = {isa = PBXBuildFile; fileRef = 11B643242642926900C38E6B /* LaunchScreen.storyboard */; };
		11B6432F26429BE800C38E6B /* Ticket.swift in Sources */ = {isa = PBXBuildFile; fileRef = 11B6432E26429BE800C38E6B /* Ticket.swift */; };
		11B6433126429C0E00C38E6B /* Passenger.swift in Sources */ = {isa = PBXBuildFile; fileRef = 11B6433026429C0E00C38E6B /* Passenger.swift */; };
		11B6433326429C3500C38E6B /* Mycalendar.swift in Sources */ = {isa = PBXBuildFile; fileRef = 11B6433226429C3500C38E6B /* Mycalendar.swift */; };
		11B6433526429C5500C38E6B /* Time.swift in Sources */ = {isa = PBXBuildFile; fileRef = 11B6433426429C5500C38E6B /* Time.swift */; };
		11B643382642B82500C38E6B /* LocationViewController.swift in Sources */ = {isa = PBXBuildFile; fileRef = 11B643372642B82500C38E6B /* LocationViewController.swift */; };
		11B643492644065A00C38E6B /* SeatViewController.swift in Sources */ = {isa = PBXBuildFile; fileRef = 11B643482644065A00C38E6B /* SeatViewController.swift */; };
		11B6434B264452EC00C38E6B /* TicketCollectionViewCell.swift in Sources */ = {isa = PBXBuildFile; fileRef = 11B6434A264452EC00C38E6B /* TicketCollectionViewCell.swift */; };
		11B6434D264457CE00C38E6B /* TicketViewController.swift in Sources */ = {isa = PBXBuildFile; fileRef = 11B6434C264457CE00C38E6B /* TicketViewController.swift */; };
/* End PBXBuildFile section */

/* Begin PBXFileReference section */
		115EDE8D2646E1AA00490415 /* SeatCollectionViewCell.swift */ = {isa = PBXFileReference; lastKnownFileType = sourcecode.swift; path = SeatCollectionViewCell.swift; sourceTree = "<group>"; };
		115EDE8F2646F73A00490415 /* City.swift */ = {isa = PBXFileReference; lastKnownFileType = sourcecode.swift; path = City.swift; sourceTree = "<group>"; };
		11B643162642926600C38E6B /* TicketApp.app */ = {isa = PBXFileReference; explicitFileType = wrapper.application; includeInIndex = 0; path = TicketApp.app; sourceTree = BUILT_PRODUCTS_DIR; };
		11B643192642926600C38E6B /* AppDelegate.swift */ = {isa = PBXFileReference; lastKnownFileType = sourcecode.swift; path = AppDelegate.swift; sourceTree = "<group>"; };
		11B6431B2642926600C38E6B /* SceneDelegate.swift */ = {isa = PBXFileReference; lastKnownFileType = sourcecode.swift; path = SceneDelegate.swift; sourceTree = "<group>"; };
		11B6431D2642926600C38E6B /* ViewController.swift */ = {isa = PBXFileReference; lastKnownFileType = sourcecode.swift; path = ViewController.swift; sourceTree = "<group>"; };
		11B643202642926600C38E6B /* Base */ = {isa = PBXFileReference; lastKnownFileType = file.storyboard; name = Base; path = Base.lproj/Main.storyboard; sourceTree = "<group>"; };
		11B643222642926900C38E6B /* Assets.xcassets */ = {isa = PBXFileReference; lastKnownFileType = folder.assetcatalog; path = Assets.xcassets; sourceTree = "<group>"; };
		11B643252642926900C38E6B /* Base */ = {isa = PBXFileReference; lastKnownFileType = file.storyboard; name = Base; path = Base.lproj/LaunchScreen.storyboard; sourceTree = "<group>"; };
		11B643272642926900C38E6B /* Info.plist */ = {isa = PBXFileReference; lastKnownFileType = text.plist.xml; path = Info.plist; sourceTree = "<group>"; };
		11B6432E26429BE800C38E6B /* Ticket.swift */ = {isa = PBXFileReference; lastKnownFileType = sourcecode.swift; path = Ticket.swift; sourceTree = "<group>"; };
		11B6433026429C0E00C38E6B /* Passenger.swift */ = {isa = PBXFileReference; lastKnownFileType = sourcecode.swift; path = Passenger.swift; sourceTree = "<group>"; };
		11B6433226429C3500C38E6B /* Mycalendar.swift */ = {isa = PBXFileReference; lastKnownFileType = sourcecode.swift; path = Mycalendar.swift; sourceTree = "<group>"; };
		11B6433426429C5500C38E6B /* Time.swift */ = {isa = PBXFileReference; lastKnownFileType = sourcecode.swift; path = Time.swift; sourceTree = "<group>"; };
		11B643372642B82500C38E6B /* LocationViewController.swift */ = {isa = PBXFileReference; lastKnownFileType = sourcecode.swift; path = LocationViewController.swift; sourceTree = "<group>"; };
		11B643482644065A00C38E6B /* SeatViewController.swift */ = {isa = PBXFileReference; lastKnownFileType = sourcecode.swift; path = SeatViewController.swift; sourceTree = "<group>"; };
		11B6434A264452EC00C38E6B /* TicketCollectionViewCell.swift */ = {isa = PBXFileReference; lastKnownFileType = sourcecode.swift; path = TicketCollectionViewCell.swift; sourceTree = "<group>"; };
		11B6434C264457CE00C38E6B /* TicketViewController.swift */ = {isa = PBXFileReference; lastKnownFileType = sourcecode.swift; path = TicketViewController.swift; sourceTree = "<group>"; };
/* End PBXFileReference section */

/* Begin PBXFrameworksBuildPhase section */
		11B643132642926600C38E6B /* Frameworks */ = {
			isa = PBXFrameworksBuildPhase;
			buildActionMask = 2147483647;
			files = (
			);
			runOnlyForDeploymentPostprocessing = 0;
		};
/* End PBXFrameworksBuildPhase section */

/* Begin PBXGroup section */
		11B6430D2642926600C38E6B = {
			isa = PBXGroup;
			children = (
				11B643182642926600C38E6B /* TicketApp */,
				11B643172642926600C38E6B /* Products */,
			);
			sourceTree = "<group>";
		};
		11B643172642926600C38E6B /* Products */ = {
			isa = PBXGroup;
			children = (
				11B643162642926600C38E6B /* TicketApp.app */,
			);
			name = Products;
			sourceTree = "<group>";
		};
		11B643182642926600C38E6B /* TicketApp */ = {
			isa = PBXGroup;
			children = (
				11B6434E2644591F00C38E6B /* Cell */,
				11B6433626429CE200C38E6B /* ViewControllers */,
				11B6432D26429BD700C38E6B /* Model */,
				11B643192642926600C38E6B /* AppDelegate.swift */,
				11B6431B2642926600C38E6B /* SceneDelegate.swift */,
				11B6431F2642926600C38E6B /* Main.storyboard */,
				11B643222642926900C38E6B /* Assets.xcassets */,
				11B643242642926900C38E6B /* LaunchScreen.storyboard */,
				11B643272642926900C38E6B /* Info.plist */,
			);
			path = TicketApp;
			sourceTree = "<group>";
		};
		11B6432D26429BD700C38E6B /* Model */ = {
			isa = PBXGroup;
			children = (
				11B6433026429C0E00C38E6B /* Passenger.swift */,
				11B6433226429C3500C38E6B /* Mycalendar.swift */,
				11B6433426429C5500C38E6B /* Time.swift */,
				11B6432E26429BE800C38E6B /* Ticket.swift */,
				115EDE8F2646F73A00490415 /* City.swift */,
			);
			path = Model;
			sourceTree = "<group>";
		};
		11B6433626429CE200C38E6B /* ViewControllers */ = {
			isa = PBXGroup;
			children = (
				11B643372642B82500C38E6B /* LocationViewController.swift */,
				11B6431D2642926600C38E6B /* ViewController.swift */,
				11B6434C264457CE00C38E6B /* TicketViewController.swift */,
				11B643482644065A00C38E6B /* SeatViewController.swift */,
			);
			path = ViewControllers;
			sourceTree = "<group>";
		};
		11B6434E2644591F00C38E6B /* Cell */ = {
			isa = PBXGroup;
			children = (
				11B6434A264452EC00C38E6B /* TicketCollectionViewCell.swift */,
				115EDE8D2646E1AA00490415 /* SeatCollectionViewCell.swift */,
			);
			path = Cell;
			sourceTree = "<group>";
		};
/* End PBXGroup section */

/* Begin PBXNativeTarget section */
		11B643152642926600C38E6B /* TicketApp */ = {
			isa = PBXNativeTarget;
			buildConfigurationList = 11B6432A2642926900C38E6B /* Build configuration list for PBXNativeTarget "TicketApp" */;
			buildPhases = (
				11B643122642926600C38E6B /* Sources */,
				11B643132642926600C38E6B /* Frameworks */,
				11B643142642926600C38E6B /* Resources */,
			);
			buildRules = (
			);
			dependencies = (
			);
			name = TicketApp;
			productName = TicketApp;
			productReference = 11B643162642926600C38E6B /* TicketApp.app */;
			productType = "com.apple.product-type.application";
		};
/* End PBXNativeTarget section */

/* Begin PBXProject section */
		11B6430E2642926600C38E6B /* Project object */ = {
			isa = PBXProject;
			attributes = {
				LastSwiftUpdateCheck = 1250;
				LastUpgradeCheck = 1250;
				TargetAttributes = {
					11B643152642926600C38E6B = {
						CreatedOnToolsVersion = 12.5;
					};
				};
			};
			buildConfigurationList = 11B643112642926600C38E6B /* Build configuration list for PBXProject "TicketApp" */;
			compatibilityVersion = "Xcode 9.3";
			developmentRegion = en;
			hasScannedForEncodings = 0;
			knownRegions = (
				en,
				Base,
			);
			mainGroup = 11B6430D2642926600C38E6B;
			productRefGroup = 11B643172642926600C38E6B /* Products */;
			projectDirPath = "";
			projectRoot = "";
			targets = (
				11B643152642926600C38E6B /* TicketApp */,
			);
		};
/* End PBXProject section */

/* Begin PBXResourcesBuildPhase section */
		11B643142642926600C38E6B /* Resources */ = {
			isa = PBXResourcesBuildPhase;
			buildActionMask = 2147483647;
			files = (
				11B643262642926900C38E6B /* LaunchScreen.storyboard in Resources */,
				11B643232642926900C38E6B /* Assets.xcassets in Resources */,
				11B643212642926600C38E6B /* Main.storyboard in Resources */,
			);
			runOnlyForDeploymentPostprocessing = 0;
		};
/* End PBXResourcesBuildPhase section */

/* Begin PBXSourcesBuildPhase section */
		11B643122642926600C38E6B /* Sources */ = {
			isa = PBXSourcesBuildPhase;
			buildActionMask = 2147483647;
			files = (
				11B643492644065A00C38E6B /* SeatViewController.swift in Sources */,
				11B6431E2642926600C38E6B /* ViewController.swift in Sources */,
				11B6433326429C3500C38E6B /* Mycalendar.swift in Sources */,
				11B6434D264457CE00C38E6B /* TicketViewController.swift in Sources */,
				11B6433526429C5500C38E6B /* Time.swift in Sources */,
				11B6431A2642926600C38E6B /* AppDelegate.swift in Sources */,
				11B6433126429C0E00C38E6B /* Passenger.swift in Sources */,
				11B6434B264452EC00C38E6B /* TicketCollectionViewCell.swift in Sources */,
				11B6431C2642926600C38E6B /* SceneDelegate.swift in Sources */,
				11B6432F26429BE800C38E6B /* Ticket.swift in Sources */,
				11B643382642B82500C38E6B /* LocationViewController.swift in Sources */,
				115EDE902646F73A00490415 /* City.swift in Sources */,
				115EDE8E2646E1AA00490415 /* SeatCollectionViewCell.swift in Sources */,
			);
			runOnlyForDeploymentPostprocessing = 0;
		};
/* End PBXSourcesBuildPhase section */

/* Begin PBXVariantGroup section */
		11B6431F2642926600C38E6B /* Main.storyboard */ = {
			isa = PBXVariantGroup;
			children = (
				11B643202642926600C38E6B /* Base */,
			);
			name = Main.storyboard;
			sourceTree = "<group>";
		};
		11B643242642926900C38E6B /* LaunchScreen.storyboard */ = {
			isa = PBXVariantGroup;
			children = (
				11B643252642926900C38E6B /* Base */,
			);
			name = LaunchScreen.storyboard;
			sourceTree = "<group>";
		};
/* End PBXVariantGroup section */

/* Begin XCBuildConfiguration section */
		11B643282642926900C38E6B /* Debug */ = {
			isa = XCBuildConfiguration;
			buildSettings = {
				ALWAYS_SEARCH_USER_PATHS = NO;
				CLANG_ANALYZER_NONNULL = YES;
				CLANG_ANALYZER_NUMBER_OBJECT_CONVERSION = YES_AGGRESSIVE;
				CLANG_CXX_LANGUAGE_STANDARD = "gnu++14";
				CLANG_CXX_LIBRARY = "libc++";
				CLANG_ENABLE_MODULES = YES;
				CLANG_ENABLE_OBJC_ARC = YES;
				CLANG_ENABLE_OBJC_WEAK = YES;
				CLANG_WARN_BLOCK_CAPTURE_AUTORELEASING = YES;
				CLANG_WARN_BOOL_CONVERSION = YES;
				CLANG_WARN_COMMA = YES;
				CLANG_WARN_CONSTANT_CONVERSION = YES;
				CLANG_WARN_DEPRECATED_OBJC_IMPLEMENTATIONS = YES;
				CLANG_WARN_DIRECT_OBJC_ISA_USAGE = YES_ERROR;
				CLANG_WARN_DOCUMENTATION_COMMENTS = YES;
				CLANG_WARN_EMPTY_BODY = YES;
				CLANG_WARN_ENUM_CONVERSION = YES;
				CLANG_WARN_INFINITE_RECURSION = YES;
				CLANG_WARN_INT_CONVERSION = YES;
				CLANG_WARN_NON_LITERAL_NULL_CONVERSION = YES;
				CLANG_WARN_OBJC_IMPLICIT_RETAIN_SELF = YES;
				CLANG_WARN_OBJC_LITERAL_CONVERSION = YES;
				CLANG_WARN_OBJC_ROOT_CLASS = YES_ERROR;
				CLANG_WARN_QUOTED_INCLUDE_IN_FRAMEWORK_HEADER = YES;
				CLANG_WARN_RANGE_LOOP_ANALYSIS = YES;
				CLANG_WARN_STRICT_PROTOTYPES = YES;
				CLANG_WARN_SUSPICIOUS_MOVE = YES;
				CLANG_WARN_UNGUARDED_AVAILABILITY = YES_AGGRESSIVE;
				CLANG_WARN_UNREACHABLE_CODE = YES;
				CLANG_WARN__DUPLICATE_METHOD_MATCH = YES;
				COPY_PHASE_STRIP = NO;
				DEBUG_INFORMATION_FORMAT = dwarf;
				ENABLE_STRICT_OBJC_MSGSEND = YES;
				ENABLE_TESTABILITY = YES;
				GCC_C_LANGUAGE_STANDARD = gnu11;
				GCC_DYNAMIC_NO_PIC = NO;
				GCC_NO_COMMON_BLOCKS = YES;
				GCC_OPTIMIZATION_LEVEL = 0;
				GCC_PREPROCESSOR_DEFINITIONS = (
					"DEBUG=1",
					"$(inherited)",
				);
				GCC_WARN_64_TO_32_BIT_CONVERSION = YES;
				GCC_WARN_ABOUT_RETURN_TYPE = YES_ERROR;
				GCC_WARN_UNDECLARED_SELECTOR = YES;
				GCC_WARN_UNINITIALIZED_AUTOS = YES_AGGRESSIVE;
				GCC_WARN_UNUSED_FUNCTION = YES;
				GCC_WARN_UNUSED_VARIABLE = YES;
				IPHONEOS_DEPLOYMENT_TARGET = 14.5;
				MTL_ENABLE_DEBUG_INFO = INCLUDE_SOURCE;
				MTL_FAST_MATH = YES;
				ONLY_ACTIVE_ARCH = YES;
				SDKROOT = iphoneos;
				SWIFT_ACTIVE_COMPILATION_CONDITIONS = DEBUG;
				SWIFT_OPTIMIZATION_LEVEL = "-Onone";
			};
			name = Debug;
		};
		11B643292642926900C38E6B /* Release */ = {
			isa = XCBuildConfiguration;
			buildSettings = {
				ALWAYS_SEARCH_USER_PATHS = NO;
				CLANG_ANALYZER_NONNULL = YES;
				CLANG_ANALYZER_NUMBER_OBJECT_CONVERSION = YES_AGGRESSIVE;
				CLANG_CXX_LANGUAGE_STANDARD = "gnu++14";
				CLANG_CXX_LIBRARY = "libc++";
				CLANG_ENABLE_MODULES = YES;
				CLANG_ENABLE_OBJC_ARC = YES;
				CLANG_ENABLE_OBJC_WEAK = YES;
				CLANG_WARN_BLOCK_CAPTURE_AUTORELEASING = YES;
				CLANG_WARN_BOOL_CONVERSION = YES;
				CLANG_WARN_COMMA = YES;
				CLANG_WARN_CONSTANT_CONVERSION = YES;
				CLANG_WARN_DEPRECATED_OBJC_IMPLEMENTATIONS = YES;
				CLANG_WARN_DIRECT_OBJC_ISA_USAGE = YES_ERROR;
				CLANG_WARN_DOCUMENTATION_COMMENTS = YES;
				CLANG_WARN_EMPTY_BODY = YES;
				CLANG_WARN_ENUM_CONVERSION = YES;
				CLANG_WARN_INFINITE_RECURSION = YES;
				CLANG_WARN_INT_CONVERSION = YES;
				CLANG_WARN_NON_LITERAL_NULL_CONVERSION = YES;
				CLANG_WARN_OBJC_IMPLICIT_RETAIN_SELF = YES;
				CLANG_WARN_OBJC_LITERAL_CONVERSION = YES;
				CLANG_WARN_OBJC_ROOT_CLASS = YES_ERROR;
				CLANG_WARN_QUOTED_INCLUDE_IN_FRAMEWORK_HEADER = YES;
				CLANG_WARN_RANGE_LOOP_ANALYSIS = YES;
				CLANG_WARN_STRICT_PROTOTYPES = YES;
				CLANG_WARN_SUSPICIOUS_MOVE = YES;
				CLANG_WARN_UNGUARDED_AVAILABILITY = YES_AGGRESSIVE;
				CLANG_WARN_UNREACHABLE_CODE = YES;
				CLANG_WARN__DUPLICATE_METHOD_MATCH = YES;
				COPY_PHASE_STRIP = NO;
				DEBUG_INFORMATION_FORMAT = "dwarf-with-dsym";
				ENABLE_NS_ASSERTIONS = NO;
				ENABLE_STRICT_OBJC_MSGSEND = YES;
				GCC_C_LANGUAGE_STANDARD = gnu11;
				GCC_NO_COMMON_BLOCKS = YES;
				GCC_WARN_64_TO_32_BIT_CONVERSION = YES;
				GCC_WARN_ABOUT_RETURN_TYPE = YES_ERROR;
				GCC_WARN_UNDECLARED_SELECTOR = YES;
				GCC_WARN_UNINITIALIZED_AUTOS = YES_AGGRESSIVE;
				GCC_WARN_UNUSED_FUNCTION = YES;
				GCC_WARN_UNUSED_VARIABLE = YES;
				IPHONEOS_DEPLOYMENT_TARGET = 14.5;
				MTL_ENABLE_DEBUG_INFO = NO;
				MTL_FAST_MATH = YES;
				SDKROOT = iphoneos;
				SWIFT_COMPILATION_MODE = wholemodule;
				SWIFT_OPTIMIZATION_LEVEL = "-O";
				VALIDATE_PRODUCT = YES;
			};
			name = Release;
		};
		11B6432B2642926900C38E6B /* Debug */ = {
			isa = XCBuildConfiguration;
			buildSettings = {
				ASSETCATALOG_COMPILER_APPICON_NAME = AppIcon;
				ASSETCATALOG_COMPILER_GLOBAL_ACCENT_COLOR_NAME = AccentColor;
				CODE_SIGN_STYLE = Automatic;
				DEVELOPMENT_TEAM = N6K7W5V69P;
				INFOPLIST_FILE = TicketApp/Info.plist;
				LD_RUNPATH_SEARCH_PATHS = (
					"$(inherited)",
					"@executable_path/Frameworks",
				);
				PRODUCT_BUNDLE_IDENTIFIER = co.semihozsoy.TicketApp;
				PRODUCT_NAME = "$(TARGET_NAME)";
				SWIFT_VERSION = 5.0;
				TARGETED_DEVICE_FAMILY = "1,2";
			};
			name = Debug;
		};
		11B6432C2642926900C38E6B /* Release */ = {
			isa = XCBuildConfiguration;
			buildSettings = {
				ASSETCATALOG_COMPILER_APPICON_NAME = AppIcon;
				ASSETCATALOG_COMPILER_GLOBAL_ACCENT_COLOR_NAME = AccentColor;
				CODE_SIGN_STYLE = Automatic;
				DEVELOPMENT_TEAM = N6K7W5V69P;
				INFOPLIST_FILE = TicketApp/Info.plist;
				LD_RUNPATH_SEARCH_PATHS = (
					"$(inherited)",
					"@executable_path/Frameworks",
				);
				PRODUCT_BUNDLE_IDENTIFIER = co.semihozsoy.TicketApp;
				PRODUCT_NAME = "$(TARGET_NAME)";
				SWIFT_VERSION = 5.0;
				TARGETED_DEVICE_FAMILY = "1,2";
			};
			name = Release;
		};
/* End XCBuildConfiguration section */

/* Begin XCConfigurationList section */
		11B643112642926600C38E6B /* Build configuration list for PBXProject "TicketApp" */ = {
			isa = XCConfigurationList;
			buildConfigurations = (
				11B643282642926900C38E6B /* Debug */,
				11B643292642926900C38E6B /* Release */,
			);
			defaultConfigurationIsVisible = 0;
			defaultConfigurationName = Release;
		};
		11B6432A2642926900C38E6B /* Build configuration list for PBXNativeTarget "TicketApp" */ = {
			isa = XCConfigurationList;
			buildConfigurations = (
				11B6432B2642926900C38E6B /* Debug */,
				11B6432C2642926900C38E6B /* Release */,
			);
			defaultConfigurationIsVisible = 0;
			defaultConfigurationName = Release;
		};
/* End XCConfigurationList section */
	};
	rootObject = 11B6430E2642926600C38E6B /* Project object */;
}
