// !$*UTF8*$!
{
	archiveVersion = 1;
	classes = {
	};
	objectVersion = 50;
	objects = {

/* Begin PBXBuildFile section */
		115EDE56264591A800490415 /* AppDelegate.swift in Sources */ = {isa = PBXBuildFile; fileRef = 115EDE55264591A800490415 /* AppDelegate.swift */; };
		115EDE58264591A800490415 /* SceneDelegate.swift in Sources */ = {isa = PBXBuildFile; fileRef = 115EDE57264591A800490415 /* SceneDelegate.swift */; };
		115EDE5A264591A800490415 /* NotificationListenerVC.swift in Sources */ = {isa = PBXBuildFile; fileRef = 115EDE59264591A800490415 /* NotificationListenerVC.swift */; };
		115EDE5D264591A800490415 /* Main.storyboard in Resources */ = {isa = PBXBuildFile; fileRef = 115EDE5B264591A800490415 /* Main.storyboard */; };
		115EDE5F264591AF00490415 /* Assets.xcassets in Resources */ = {isa = PBXBuildFile; fileRef = 115EDE5E264591AF00490415 /* Assets.xcassets */; };
		115EDE62264591AF00490415 /* LaunchScreen.storyboard in Resources */ = {isa = PBXBuildFile; fileRef = 115EDE60264591AF00490415 /* LaunchScreen.storyboard */; };
		115EDE6A264594FE00490415 /* NotificationSenderVC.swift in Sources */ = {isa = PBXBuildFile; fileRef = 115EDE69264594FE00490415 /* NotificationSenderVC.swift */; };
		115EDE6C2645AE8500490415 /* NotificationExtension.swift in Sources */ = {isa = PBXBuildFile; fileRef = 115EDE6B2645AE8500490415 /* NotificationExtension.swift */; };
/* End PBXBuildFile section */

/* Begin PBXFileReference section */
		115EDE52264591A800490415 /* NotificationSender.app */ = {isa = PBXFileReference; explicitFileType = wrapper.application; includeInIndex = 0; path = NotificationSender.app; sourceTree = BUILT_PRODUCTS_DIR; };
		115EDE55264591A800490415 /* AppDelegate.swift */ = {isa = PBXFileReference; lastKnownFileType = sourcecode.swift; path = AppDelegate.swift; sourceTree = "<group>"; };
		115EDE57264591A800490415 /* SceneDelegate.swift */ = {isa = PBXFileReference; lastKnownFileType = sourcecode.swift; path = SceneDelegate.swift; sourceTree = "<group>"; };
		115EDE59264591A800490415 /* NotificationListenerVC.swift */ = {isa = PBXFileReference; lastKnownFileType = sourcecode.swift; path = NotificationListenerVC.swift; sourceTree = "<group>"; };
		115EDE5C264591A800490415 /* Base */ = {isa = PBXFileReference; lastKnownFileType = file.storyboard; name = Base; path = Base.lproj/Main.storyboard; sourceTree = "<group>"; };
		115EDE5E264591AF00490415 /* Assets.xcassets */ = {isa = PBXFileReference; lastKnownFileType = folder.assetcatalog; path = Assets.xcassets; sourceTree = "<group>"; };
		115EDE61264591AF00490415 /* Base */ = {isa = PBXFileReference; lastKnownFileType = file.storyboard; name = Base; path = Base.lproj/LaunchScreen.storyboard; sourceTree = "<group>"; };
		115EDE63264591AF00490415 /* Info.plist */ = {isa = PBXFileReference; lastKnownFileType = text.plist.xml; path = Info.plist; sourceTree = "<group>"; };
		115EDE69264594FE00490415 /* NotificationSenderVC.swift */ = {isa = PBXFileReference; lastKnownFileType = sourcecode.swift; path = NotificationSenderVC.swift; sourceTree = "<group>"; };
		115EDE6B2645AE8500490415 /* NotificationExtension.swift */ = {isa = PBXFileReference; lastKnownFileType = sourcecode.swift; path = NotificationExtension.swift; sourceTree = "<group>"; };
/* End PBXFileReference section */

/* Begin PBXFrameworksBuildPhase section */
		115EDE4F264591A800490415 /* Frameworks */ = {
			isa = PBXFrameworksBuildPhase;
			buildActionMask = 2147483647;
			files = (
			);
			runOnlyForDeploymentPostprocessing = 0;
		};
/* End PBXFrameworksBuildPhase section */

/* Begin PBXGroup section */
		115EDE49264591A800490415 = {
			isa = PBXGroup;
			children = (
				115EDE54264591A800490415 /* NotificationSender */,
				115EDE53264591A800490415 /* Products */,
			);
			sourceTree = "<group>";
		};
		115EDE53264591A800490415 /* Products */ = {
			isa = PBXGroup;
			children = (
				115EDE52264591A800490415 /* NotificationSender.app */,
			);
			name = Products;
			sourceTree = "<group>";
		};
		115EDE54264591A800490415 /* NotificationSender */ = {
			isa = PBXGroup;
			children = (
				115EDE55264591A800490415 /* AppDelegate.swift */,
				115EDE57264591A800490415 /* SceneDelegate.swift */,
				115EDE59264591A800490415 /* NotificationListenerVC.swift */,
				115EDE69264594FE00490415 /* NotificationSenderVC.swift */,
				115EDE5B264591A800490415 /* Main.storyboard */,
				115EDE5E264591AF00490415 /* Assets.xcassets */,
				115EDE60264591AF00490415 /* LaunchScreen.storyboard */,
				115EDE63264591AF00490415 /* Info.plist */,
				115EDE6B2645AE8500490415 /* NotificationExtension.swift */,
			);
			path = NotificationSender;
			sourceTree = "<group>";
		};
/* End PBXGroup section */

/* Begin PBXNativeTarget section */
		115EDE51264591A800490415 /* NotificationSender */ = {
			isa = PBXNativeTarget;
			buildConfigurationList = 115EDE66264591AF00490415 /* Build configuration list for PBXNativeTarget "NotificationSender" */;
			buildPhases = (
				115EDE4E264591A800490415 /* Sources */,
				115EDE4F264591A800490415 /* Frameworks */,
				115EDE50264591A800490415 /* Resources */,
			);
			buildRules = (
			);
			dependencies = (
			);
			name = NotificationSender;
			productName = NotificationSender;
			productReference = 115EDE52264591A800490415 /* NotificationSender.app */;
			productType = "com.apple.product-type.application";
		};
/* End PBXNativeTarget section */

/* Begin PBXProject section */
		115EDE4A264591A800490415 /* Project object */ = {
			isa = PBXProject;
			attributes = {
				LastSwiftUpdateCheck = 1250;
				LastUpgradeCheck = 1250;
				TargetAttributes = {
					115EDE51264591A800490415 = {
						CreatedOnToolsVersion = 12.5;
					};
				};
			};
			buildConfigurationList = 115EDE4D264591A800490415 /* Build configuration list for PBXProject "NotificationSender" */;
			compatibilityVersion = "Xcode 9.3";
			developmentRegion = en;
			hasScannedForEncodings = 0;
			knownRegions = (
				en,
				Base,
			);
			mainGroup = 115EDE49264591A800490415;
			productRefGroup = 115EDE53264591A800490415 /* Products */;
			projectDirPath = "";
			projectRoot = "";
			targets = (
				115EDE51264591A800490415 /* NotificationSender */,
			);
		};
/* End PBXProject section */

/* Begin PBXResourcesBuildPhase section */
		115EDE50264591A800490415 /* Resources */ = {
			isa = PBXResourcesBuildPhase;
			buildActionMask = 2147483647;
			files = (
				115EDE62264591AF00490415 /* LaunchScreen.storyboard in Resources */,
				115EDE5F264591AF00490415 /* Assets.xcassets in Resources */,
				115EDE5D264591A800490415 /* Main.storyboard in Resources */,
			);
			runOnlyForDeploymentPostprocessing = 0;
		};
/* End PBXResourcesBuildPhase section */

/* Begin PBXSourcesBuildPhase section */
		115EDE4E264591A800490415 /* Sources */ = {
			isa = PBXSourcesBuildPhase;
			buildActionMask = 2147483647;
			files = (
				115EDE6C2645AE8500490415 /* NotificationExtension.swift in Sources */,
				115EDE5A264591A800490415 /* NotificationListenerVC.swift in Sources */,
				115EDE6A264594FE00490415 /* NotificationSenderVC.swift in Sources */,
				115EDE56264591A800490415 /* AppDelegate.swift in Sources */,
				115EDE58264591A800490415 /* SceneDelegate.swift in Sources */,
			);
			runOnlyForDeploymentPostprocessing = 0;
		};
/* End PBXSourcesBuildPhase section */

/* Begin PBXVariantGroup section */
		115EDE5B264591A800490415 /* Main.storyboard */ = {
			isa = PBXVariantGroup;
			children = (
				115EDE5C264591A800490415 /* Base */,
			);
			name = Main.storyboard;
			sourceTree = "<group>";
		};
		115EDE60264591AF00490415 /* LaunchScreen.storyboard */ = {
			isa = PBXVariantGroup;
			children = (
				115EDE61264591AF00490415 /* Base */,
			);
			name = LaunchScreen.storyboard;
			sourceTree = "<group>";
		};
/* End PBXVariantGroup section */

/* Begin XCBuildConfiguration section */
		115EDE64264591AF00490415 /* Debug */ = {
			isa = XCBuildConfiguration;
			buildSettings = {
				ALWAYS_SEARCH_USER_PATHS = NO;
				CLANG_ANALYZER_NONNULL = YES;
				CLANG_ANALYZER_NUMBER_OBJECT_CONVERSION = YES_AGGRESSIVE;
				CLANG_CXX_LANGUAGE_STANDARD = "gnu++14";
				CLANG_CXX_LIBRARY = "libc++";
				CLANG_ENABLE_MODULES = YES;
				CLANG_ENABLE_OBJC_ARC = YES;
				CLANG_ENABLE_OBJC_WEAK = YES;
				CLANG_WARN_BLOCK_CAPTURE_AUTORELEASING = YES;
				CLANG_WARN_BOOL_CONVERSION = YES;
				CLANG_WARN_COMMA = YES;
				CLANG_WARN_CONSTANT_CONVERSION = YES;
				CLANG_WARN_DEPRECATED_OBJC_IMPLEMENTATIONS = YES;
				CLANG_WARN_DIRECT_OBJC_ISA_USAGE = YES_ERROR;
				CLANG_WARN_DOCUMENTATION_COMMENTS = YES;
				CLANG_WARN_EMPTY_BODY = YES;
				CLANG_WARN_ENUM_CONVERSION = YES;
				CLANG_WARN_INFINITE_RECURSION = YES;
				CLANG_WARN_INT_CONVERSION = YES;
				CLANG_WARN_NON_LITERAL_NULL_CONVERSION = YES;
				CLANG_WARN_OBJC_IMPLICIT_RETAIN_SELF = YES;
				CLANG_WARN_OBJC_LITERAL_CONVERSION = YES;
				CLANG_WARN_OBJC_ROOT_CLASS = YES_ERROR;
				CLANG_WARN_QUOTED_INCLUDE_IN_FRAMEWORK_HEADER = YES;
				CLANG_WARN_RANGE_LOOP_ANALYSIS = YES;
				CLANG_WARN_STRICT_PROTOTYPES = YES;
				CLANG_WARN_SUSPICIOUS_MOVE = YES;
				CLANG_WARN_UNGUARDED_AVAILABILITY = YES_AGGRESSIVE;
				CLANG_WARN_UNREACHABLE_CODE = YES;
				CLANG_WARN__DUPLICATE_METHOD_MATCH = YES;
				COPY_PHASE_STRIP = NO;
				DEBUG_INFORMATION_FORMAT = dwarf;
				ENABLE_STRICT_OBJC_MSGSEND = YES;
				ENABLE_TESTABILITY = YES;
				GCC_C_LANGUAGE_STANDARD = gnu11;
				GCC_DYNAMIC_NO_PIC = NO;
				GCC_NO_COMMON_BLOCKS = YES;
				GCC_OPTIMIZATION_LEVEL = 0;
				GCC_PREPROCESSOR_DEFINITIONS = (
					"DEBUG=1",
					"$(inherited)",
				);
				GCC_WARN_64_TO_32_BIT_CONVERSION = YES;
				GCC_WARN_ABOUT_RETURN_TYPE = YES_ERROR;
				GCC_WARN_UNDECLARED_SELECTOR = YES;
				GCC_WARN_UNINITIALIZED_AUTOS = YES_AGGRESSIVE;
				GCC_WARN_UNUSED_FUNCTION = YES;
				GCC_WARN_UNUSED_VARIABLE = YES;
				IPHONEOS_DEPLOYMENT_TARGET = 14.5;
				MTL_ENABLE_DEBUG_INFO = INCLUDE_SOURCE;
				MTL_FAST_MATH = YES;
				ONLY_ACTIVE_ARCH = YES;
				SDKROOT = iphoneos;
				SWIFT_ACTIVE_COMPILATION_CONDITIONS = DEBUG;
				SWIFT_OPTIMIZATION_LEVEL = "-Onone";
			};
			name = Debug;
		};
		115EDE65264591AF00490415 /* Release */ = {
			isa = XCBuildConfiguration;
			buildSettings = {
				ALWAYS_SEARCH_USER_PATHS = NO;
				CLANG_ANALYZER_NONNULL = YES;
				CLANG_ANALYZER_NUMBER_OBJECT_CONVERSION = YES_AGGRESSIVE;
				CLANG_CXX_LANGUAGE_STANDARD = "gnu++14";
				CLANG_CXX_LIBRARY = "libc++";
				CLANG_ENABLE_MODULES = YES;
				CLANG_ENABLE_OBJC_ARC = YES;
				CLANG_ENABLE_OBJC_WEAK = YES;
				CLANG_WARN_BLOCK_CAPTURE_AUTORELEASING = YES;
				CLANG_WARN_BOOL_CONVERSION = YES;
				CLANG_WARN_COMMA = YES;
				CLANG_WARN_CONSTANT_CONVERSION = YES;
				CLANG_WARN_DEPRECATED_OBJC_IMPLEMENTATIONS = YES;
				CLANG_WARN_DIRECT_OBJC_ISA_USAGE = YES_ERROR;
				CLANG_WARN_DOCUMENTATION_COMMENTS = YES;
				CLANG_WARN_EMPTY_BODY = YES;
				CLANG_WARN_ENUM_CONVERSION = YES;
				CLANG_WARN_INFINITE_RECURSION = YES;
				CLANG_WARN_INT_CONVERSION = YES;
				CLANG_WARN_NON_LITERAL_NULL_CONVERSION = YES;
				CLANG_WARN_OBJC_IMPLICIT_RETAIN_SELF = YES;
				CLANG_WARN_OBJC_LITERAL_CONVERSION = YES;
				CLANG_WARN_OBJC_ROOT_CLASS = YES_ERROR;
				CLANG_WARN_QUOTED_INCLUDE_IN_FRAMEWORK_HEADER = YES;
				CLANG_WARN_RANGE_LOOP_ANALYSIS = YES;
				CLANG_WARN_STRICT_PROTOTYPES = YES;
				CLANG_WARN_SUSPICIOUS_MOVE = YES;
				CLANG_WARN_UNGUARDED_AVAILABILITY = YES_AGGRESSIVE;
				CLANG_WARN_UNREACHABLE_CODE = YES;
				CLANG_WARN__DUPLICATE_METHOD_MATCH = YES;
				COPY_PHASE_STRIP = NO;
				DEBUG_INFORMATION_FORMAT = "dwarf-with-dsym";
				ENABLE_NS_ASSERTIONS = NO;
				ENABLE_STRICT_OBJC_MSGSEND = YES;
				GCC_C_LANGUAGE_STANDARD = gnu11;
				GCC_NO_COMMON_BLOCKS = YES;
				GCC_WARN_64_TO_32_BIT_CONVERSION = YES;
				GCC_WARN_ABOUT_RETURN_TYPE = YES_ERROR;
				GCC_WARN_UNDECLARED_SELECTOR = YES;
				GCC_WARN_UNINITIALIZED_AUTOS = YES_AGGRESSIVE;
				GCC_WARN_UNUSED_FUNCTION = YES;
				GCC_WARN_UNUSED_VARIABLE = YES;
				IPHONEOS_DEPLOYMENT_TARGET = 14.5;
				MTL_ENABLE_DEBUG_INFO = NO;
				MTL_FAST_MATH = YES;
				SDKROOT = iphoneos;
				SWIFT_COMPILATION_MODE = wholemodule;
				SWIFT_OPTIMIZATION_LEVEL = "-O";
				VALIDATE_PRODUCT = YES;
			};
			name = Release;
		};
		115EDE67264591AF00490415 /* Debug */ = {
			isa = XCBuildConfiguration;
			buildSettings = {
				ASSETCATALOG_COMPILER_APPICON_NAME = AppIcon;
				ASSETCATALOG_COMPILER_GLOBAL_ACCENT_COLOR_NAME = AccentColor;
				CODE_SIGN_STYLE = Automatic;
				DEVELOPMENT_TEAM = N6K7W5V69P;
				INFOPLIST_FILE = NotificationSender/Info.plist;
				LD_RUNPATH_SEARCH_PATHS = (
					"$(inherited)",
					"@executable_path/Frameworks",
				);
				PRODUCT_BUNDLE_IDENTIFIER = co.semihozsoy.NotificationSender;
				PRODUCT_NAME = "$(TARGET_NAME)";
				SWIFT_VERSION = 5.0;
				TARGETED_DEVICE_FAMILY = "1,2";
			};
			name = Debug;
		};
		115EDE68264591AF00490415 /* Release */ = {
			isa = XCBuildConfiguration;
			buildSettings = {
				ASSETCATALOG_COMPILER_APPICON_NAME = AppIcon;
				ASSETCATALOG_COMPILER_GLOBAL_ACCENT_COLOR_NAME = AccentColor;
				CODE_SIGN_STYLE = Automatic;
				DEVELOPMENT_TEAM = N6K7W5V69P;
				INFOPLIST_FILE = NotificationSender/Info.plist;
				LD_RUNPATH_SEARCH_PATHS = (
					"$(inherited)",
					"@executable_path/Frameworks",
				);
				PRODUCT_BUNDLE_IDENTIFIER = co.semihozsoy.NotificationSender;
				PRODUCT_NAME = "$(TARGET_NAME)";
				SWIFT_VERSION = 5.0;
				TARGETED_DEVICE_FAMILY = "1,2";
			};
			name = Release;
		};
/* End XCBuildConfiguration section */

/* Begin XCConfigurationList section */
		115EDE4D264591A800490415 /* Build configuration list for PBXProject "NotificationSender" */ = {
			isa = XCConfigurationList;
			buildConfigurations = (
				115EDE64264591AF00490415 /* Debug */,
				115EDE65264591AF00490415 /* Release */,
			);
			defaultConfigurationIsVisible = 0;
			defaultConfigurationName = Release;
		};
		115EDE66264591AF00490415 /* Build configuration list for PBXNativeTarget "NotificationSender" */ = {
			isa = XCConfigurationList;
			buildConfigurations = (
				115EDE67264591AF00490415 /* Debug */,
				115EDE68264591AF00490415 /* Release */,
			);
			defaultConfigurationIsVisible = 0;
			defaultConfigurationName = Release;
		};
/* End XCConfigurationList section */
	};
	rootObject = 115EDE4A264591A800490415 /* Project object */;
}
